
Microsoft Visual Studio Solution File, Format Version 12.00
# Visual Studio 15
VisualStudioVersion = 15.0.26730.12
MinimumVisualStudioVersion = 10.0.40219.1
Project("{FAE04EC0-301F-11D3-BF4B-00C04F79EFBC}") = "Presupuesto", "Presupuesto\Presupuesto.csproj", "{6860A838-D84F-4B06-B78D-A002E56569A3}"
EndProject
Project("{FAE04EC0-301F-11D3-BF4B-00C04F79EFBC}") = "DAL", "DAL\DAL.csproj", "{D5CB6BFB-2F94-4980-9ADA-269D2A444014}"
EndProject
Project("{FAE04EC0-301F-11D3-BF4B-00C04F79EFBC}") = "BLL", "BLL\BLL.csproj", "{AF08D0A2-97B0-4628-A873-DC086BF481E5}"
EndProject
Project("{FAE04EC0-301F-11D3-BF4B-00C04F79EFBC}") = "Entidades", "Entidades\Entidades.csproj", "{237FE59C-D899-4064-BBC4-742097BBF32C}"
EndProject
Global
	GlobalSection(SolutionConfigurationPlatforms) = preSolution
		Debug|Any CPU = Debug|Any CPU
		Release|Any CPU = Release|Any CPU
	EndGlobalSection
	GlobalSection(ProjectConfigurationPlatforms) = postSolution
		{6860A838-D84F-4B06-B78D-A002E56569A3}.Debug|Any CPU.ActiveCfg = Debug|Any CPU
		{6860A838-D84F-4B06-B78D-A002E56569A3}.Debug|Any CPU.Build.0 = Debug|Any CPU
		{6860A838-D84F-4B06-B78D-A002E56569A3}.Release|Any CPU.ActiveCfg = Release|Any CPU
		{6860A838-D84F-4B06-B78D-A002E56569A3}.Release|Any CPU.Build.0 = Release|Any CPU
		{D5CB6BFB-2F94-4980-9ADA-269D2A444014}.Debug|Any CPU.ActiveCfg = Debug|Any CPU
		{D5CB6BFB-2F94-4980-9ADA-269D2A444014}.Debug|Any CPU.Build.0 = Debug|Any CPU
		{D5CB6BFB-2F94-4980-9ADA-269D2A444014}.Release|Any CPU.ActiveCfg = Release|Any CPU
		{D5CB6BFB-2F94-4980-9ADA-269D2A444014}.Release|Any CPU.Build.0 = Release|Any CPU
		{AF08D0A2-97B0-4628-A873-DC086BF481E5}.Debug|Any CPU.ActiveCfg = Debug|Any CPU
		{AF08D0A2-97B0-4628-A873-DC086BF481E5}.Debug|Any CPU.Build.0 = Debug|Any CPU
		{AF08D0A2-97B0-4628-A873-DC086BF481E5}.Release|Any CPU.ActiveCfg = Release|Any CPU
		{AF08D0A2-97B0-4628-A873-DC086BF481E5}.Release|Any CPU.Build.0 = Release|Any CPU
		{237FE59C-D899-4064-BBC4-742097BBF32C}.Debug|Any CPU.ActiveCfg = Debug|Any CPU
		{237FE59C-D899-4064-BBC4-742097BBF32C}.Debug|Any CPU.Build.0 = Debug|Any CPU
		{237FE59C-D899-4064-BBC4-742097BBF32C}.Release|Any CPU.ActiveCfg = Release|Any CPU
		{237FE59C-D899-4064-BBC4-742097BBF32C}.Release|Any CPU.Build.0 = Release|Any CPU
	EndGlobalSection
	GlobalSection(SolutionProperties) = preSolution
		HideSolutionNode = FALSE
	EndGlobalSection
	GlobalSection(ExtensibilityGlobals) = postSolution
		SolutionGuid = {2CE8C7B2-E655-47C8-AB04-1D34F6B0C69D}
	EndGlobalSection
EndGlobal
